// !$*UTF8*$!
{
	archiveVersion = 1;
	classes = {
	};
	objectVersion = 50;
	objects = {

/* Begin PBXBuildFile section */
		FD41598121A469E2009814D4 /* PhotoAlbumViewController.swift in Sources */ = {isa = PBXBuildFile; fileRef = FD41598021A469E2009814D4 /* PhotoAlbumViewController.swift */; };
		FDAE15ED21AC1DBD0014E63C /* DownloadImages.swift in Sources */ = {isa = PBXBuildFile; fileRef = FDAE15EC21AC1DBD0014E63C /* DownloadImages.swift */; };
		FDCF6F7E21A72EFE0048B8BA /* FlickrConvenience.swift in Sources */ = {isa = PBXBuildFile; fileRef = FDCF6F7B21A72EFE0048B8BA /* FlickrConvenience.swift */; };
		FDCF6F7F21A72EFE0048B8BA /* FlickrClient.swift in Sources */ = {isa = PBXBuildFile; fileRef = FDCF6F7C21A72EFE0048B8BA /* FlickrClient.swift */; };
		FDCF6F8021A72EFE0048B8BA /* FlickrConstants.swift in Sources */ = {isa = PBXBuildFile; fileRef = FDCF6F7D21A72EFE0048B8BA /* FlickrConstants.swift */; };
		FDCF6F8321A8019C0048B8BA /* FlikerModel.swift in Sources */ = {isa = PBXBuildFile; fileRef = FDCF6F8221A8019C0048B8BA /* FlikerModel.swift */; };
		FDCF6F8721A83BFA0048B8BA /* Photo+Extensions.swift in Sources */ = {isa = PBXBuildFile; fileRef = FDCF6F8521A83BFA0048B8BA /* Photo+Extensions.swift */; };
		FDCF6F8821A83BFA0048B8BA /* Pin+Extensions.swift in Sources */ = {isa = PBXBuildFile; fileRef = FDCF6F8621A83BFA0048B8BA /* Pin+Extensions.swift */; };
		FDCF6F8C21A893740048B8BA /* PhotoAlbumCollectionViewCell.swift in Sources */ = {isa = PBXBuildFile; fileRef = FDCF6F8B21A893740048B8BA /* PhotoAlbumCollectionViewCell.swift */; };
		FDF0587D21A1B1F40009C778 /* AppDelegate.swift in Sources */ = {isa = PBXBuildFile; fileRef = FDF0587C21A1B1F40009C778 /* AppDelegate.swift */; };
		FDF0587F21A1B1F40009C778 /* TravelLocationsMapViewController.swift in Sources */ = {isa = PBXBuildFile; fileRef = FDF0587E21A1B1F40009C778 /* TravelLocationsMapViewController.swift */; };
		FDF0588221A1B1F40009C778 /* Main.storyboard in Resources */ = {isa = PBXBuildFile; fileRef = FDF0588021A1B1F40009C778 /* Main.storyboard */; };
		FDF0588421A1B1F60009C778 /* Assets.xcassets in Resources */ = {isa = PBXBuildFile; fileRef = FDF0588321A1B1F60009C778 /* Assets.xcassets */; };
		FDF0588721A1B1F60009C778 /* LaunchScreen.storyboard in Resources */ = {isa = PBXBuildFile; fileRef = FDF0588521A1B1F60009C778 /* LaunchScreen.storyboard */; };
		FDF0589321A1BB7A0009C778 /* LocarionData.xcdatamodeld in Sources */ = {isa = PBXBuildFile; fileRef = FDF0589121A1BB7A0009C778 /* LocarionData.xcdatamodeld */; };
		FDF0589521A1D18D0009C778 /* DataController.swift in Sources */ = {isa = PBXBuildFile; fileRef = FDF0589421A1D18D0009C778 /* DataController.swift */; };
/* End PBXBuildFile section */

/* Begin PBXFileReference section */
		FD41598021A469E2009814D4 /* PhotoAlbumViewController.swift */ = {isa = PBXFileReference; lastKnownFileType = sourcecode.swift; path = PhotoAlbumViewController.swift; sourceTree = "<group>"; };
		FDAE15EC21AC1DBD0014E63C /* DownloadImages.swift */ = {isa = PBXFileReference; lastKnownFileType = sourcecode.swift; path = DownloadImages.swift; sourceTree = "<group>"; };
		FDCF6F7B21A72EFE0048B8BA /* FlickrConvenience.swift */ = {isa = PBXFileReference; fileEncoding = 4; lastKnownFileType = sourcecode.swift; path = FlickrConvenience.swift; sourceTree = "<group>"; };
		FDCF6F7C21A72EFE0048B8BA /* FlickrClient.swift */ = {isa = PBXFileReference; fileEncoding = 4; lastKnownFileType = sourcecode.swift; path = FlickrClient.swift; sourceTree = "<group>"; };
		FDCF6F7D21A72EFE0048B8BA /* FlickrConstants.swift */ = {isa = PBXFileReference; fileEncoding = 4; lastKnownFileType = sourcecode.swift; path = FlickrConstants.swift; sourceTree = "<group>"; };
		FDCF6F8221A8019C0048B8BA /* FlikerModel.swift */ = {isa = PBXFileReference; lastKnownFileType = sourcecode.swift; path = FlikerModel.swift; sourceTree = "<group>"; };
		FDCF6F8521A83BFA0048B8BA /* Photo+Extensions.swift */ = {isa = PBXFileReference; fileEncoding = 4; lastKnownFileType = sourcecode.swift; path = "Photo+Extensions.swift"; sourceTree = "<group>"; };
		FDCF6F8621A83BFA0048B8BA /* Pin+Extensions.swift */ = {isa = PBXFileReference; fileEncoding = 4; lastKnownFileType = sourcecode.swift; path = "Pin+Extensions.swift"; sourceTree = "<group>"; };
		FDCF6F8B21A893740048B8BA /* PhotoAlbumCollectionViewCell.swift */ = {isa = PBXFileReference; fileEncoding = 4; lastKnownFileType = sourcecode.swift; path = PhotoAlbumCollectionViewCell.swift; sourceTree = "<group>"; };
		FDF0587921A1B1F40009C778 /* Virtual Tourist.app */ = {isa = PBXFileReference; explicitFileType = wrapper.application; includeInIndex = 0; path = "Virtual Tourist.app"; sourceTree = BUILT_PRODUCTS_DIR; };
		FDF0587C21A1B1F40009C778 /* AppDelegate.swift */ = {isa = PBXFileReference; lastKnownFileType = sourcecode.swift; path = AppDelegate.swift; sourceTree = "<group>"; };
		FDF0587E21A1B1F40009C778 /* TravelLocationsMapViewController.swift */ = {isa = PBXFileReference; lastKnownFileType = sourcecode.swift; path = TravelLocationsMapViewController.swift; sourceTree = "<group>"; };
		FDF0588121A1B1F40009C778 /* Base */ = {isa = PBXFileReference; lastKnownFileType = file.storyboard; name = Base; path = Base.lproj/Main.storyboard; sourceTree = "<group>"; };
		FDF0588321A1B1F60009C778 /* Assets.xcassets */ = {isa = PBXFileReference; lastKnownFileType = folder.assetcatalog; path = Assets.xcassets; sourceTree = "<group>"; };
		FDF0588621A1B1F60009C778 /* Base */ = {isa = PBXFileReference; lastKnownFileType = file.storyboard; name = Base; path = Base.lproj/LaunchScreen.storyboard; sourceTree = "<group>"; };
		FDF0588821A1B1F60009C778 /* Info.plist */ = {isa = PBXFileReference; lastKnownFileType = text.plist.xml; path = Info.plist; sourceTree = "<group>"; };
		FDF0589221A1BB7A0009C778 /* LocationData.xcdatamodel */ = {isa = PBXFileReference; lastKnownFileType = wrapper.xcdatamodel; path = LocationData.xcdatamodel; sourceTree = "<group>"; };
		FDF0589421A1D18D0009C778 /* DataController.swift */ = {isa = PBXFileReference; fileEncoding = 4; lastKnownFileType = sourcecode.swift; path = DataController.swift; sourceTree = "<group>"; };
/* End PBXFileReference section */

/* Begin PBXFrameworksBuildPhase section */
		FDF0587621A1B1F40009C778 /* Frameworks */ = {
			isa = PBXFrameworksBuildPhase;
			buildActionMask = 2147483647;
			files = (
			);
			runOnlyForDeploymentPostprocessing = 0;
		};
/* End PBXFrameworksBuildPhase section */

/* Begin PBXGroup section */
		FDCF6F7A21A72EFE0048B8BA /* Flickr API */ = {
			isa = PBXGroup;
			children = (
				FDCF6F7B21A72EFE0048B8BA /* FlickrConvenience.swift */,
				FDCF6F7C21A72EFE0048B8BA /* FlickrClient.swift */,
				FDCF6F7D21A72EFE0048B8BA /* FlickrConstants.swift */,
			);
			path = "Flickr API";
			sourceTree = "<group>";
		};
		FDCF6F8121A801680048B8BA /* Fliker Data Model */ = {
			isa = PBXGroup;
			children = (
				FDCF6F8221A8019C0048B8BA /* FlikerModel.swift */,
			);
			path = "Fliker Data Model";
			sourceTree = "<group>";
		};
		FDCF6F8421A83BFA0048B8BA /* Managed Object Extensions */ = {
			isa = PBXGroup;
			children = (
				FDCF6F8521A83BFA0048B8BA /* Photo+Extensions.swift */,
				FDCF6F8621A83BFA0048B8BA /* Pin+Extensions.swift */,
			);
			name = "Managed Object Extensions";
			path = "../../../../../Downloads/ios-nd-persistence-master-1/Mooskine/Mooskine-complete/Mooskine/Model/Managed Object Extensions";
			sourceTree = "<group>";
		};
		FDF0587021A1B1F40009C778 = {
			isa = PBXGroup;
			children = (
				FDF0587B21A1B1F40009C778 /* Virtual Tourist */,
				FDF0587A21A1B1F40009C778 /* Products */,
			);
			sourceTree = "<group>";
		};
		FDF0587A21A1B1F40009C778 /* Products */ = {
			isa = PBXGroup;
			children = (
				FDF0587921A1B1F40009C778 /* Virtual Tourist.app */,
			);
			name = Products;
			sourceTree = "<group>";
		};
		FDF0587B21A1B1F40009C778 /* Virtual Tourist */ = {
			isa = PBXGroup;
			children = (
				FDF0587C21A1B1F40009C778 /* AppDelegate.swift */,
				FDF0588E21A1BAF10009C778 /* Model */,
				FDF0589021A1BB190009C778 /* Controller */,
				FDF0588F21A1BB070009C778 /* View */,
				FDF0588321A1B1F60009C778 /* Assets.xcassets */,
				FDF0588521A1B1F60009C778 /* LaunchScreen.storyboard */,
				FDF0588821A1B1F60009C778 /* Info.plist */,
			);
			path = "Virtual Tourist";
			sourceTree = "<group>";
		};
		FDF0588E21A1BAF10009C778 /* Model */ = {
			isa = PBXGroup;
			children = (
				FDCF6F8421A83BFA0048B8BA /* Managed Object Extensions */,
				FDF0589421A1D18D0009C778 /* DataController.swift */,
				FDF0589121A1BB7A0009C778 /* LocarionData.xcdatamodeld */,
				FDCF6F8121A801680048B8BA /* Fliker Data Model */,
				FDAE15EC21AC1DBD0014E63C /* DownloadImages.swift */,
				FDCF6F7A21A72EFE0048B8BA /* Flickr API */,
			);
			path = Model;
			sourceTree = "<group>";
		};
		FDF0588F21A1BB070009C778 /* View */ = {
			isa = PBXGroup;
			children = (
				FDF0588021A1B1F40009C778 /* Main.storyboard */,
				FDCF6F8B21A893740048B8BA /* PhotoAlbumCollectionViewCell.swift */,
			);
			path = View;
			sourceTree = "<group>";
		};
		FDF0589021A1BB190009C778 /* Controller */ = {
			isa = PBXGroup;
			children = (
				FDF0587E21A1B1F40009C778 /* TravelLocationsMapViewController.swift */,
				FD41598021A469E2009814D4 /* PhotoAlbumViewController.swift */,
			);
			path = Controller;
			sourceTree = "<group>";
		};
/* End PBXGroup section */

/* Begin PBXNativeTarget section */
		FDF0587821A1B1F40009C778 /* Virtual Tourist */ = {
			isa = PBXNativeTarget;
			buildConfigurationList = FDF0588B21A1B1F60009C778 /* Build configuration list for PBXNativeTarget "Virtual Tourist" */;
			buildPhases = (
				FDF0587521A1B1F40009C778 /* Sources */,
				FDF0587621A1B1F40009C778 /* Frameworks */,
				FDF0587721A1B1F40009C778 /* Resources */,
			);
			buildRules = (
			);
			dependencies = (
			);
			name = "Virtual Tourist";
			productName = "Virtual Tourist";
			productReference = FDF0587921A1B1F40009C778 /* Virtual Tourist.app */;
			productType = "com.apple.product-type.application";
		};
/* End PBXNativeTarget section */

/* Begin PBXProject section */
		FDF0587121A1B1F40009C778 /* Project object */ = {
			isa = PBXProject;
			attributes = {
				LastSwiftUpdateCheck = 1010;
				LastUpgradeCheck = 1010;
				ORGANIZATIONNAME = X901;
				TargetAttributes = {
					FDF0587821A1B1F40009C778 = {
						CreatedOnToolsVersion = 10.1;
					};
				};
			};
			buildConfigurationList = FDF0587421A1B1F40009C778 /* Build configuration list for PBXProject "Virtual Tourist" */;
			compatibilityVersion = "Xcode 9.3";
			developmentRegion = en;
			hasScannedForEncodings = 0;
			knownRegions = (
				en,
				Base,
			);
			mainGroup = FDF0587021A1B1F40009C778;
			productRefGroup = FDF0587A21A1B1F40009C778 /* Products */;
			projectDirPath = "";
			projectRoot = "";
			targets = (
				FDF0587821A1B1F40009C778 /* Virtual Tourist */,
			);
		};
/* End PBXProject section */

/* Begin PBXResourcesBuildPhase section */
		FDF0587721A1B1F40009C778 /* Resources */ = {
			isa = PBXResourcesBuildPhase;
			buildActionMask = 2147483647;
			files = (
				FDF0588721A1B1F60009C778 /* LaunchScreen.storyboard in Resources */,
				FDF0588421A1B1F60009C778 /* Assets.xcassets in Resources */,
				FDF0588221A1B1F40009C778 /* Main.storyboard in Resources */,
			);
			runOnlyForDeploymentPostprocessing = 0;
		};
/* End PBXResourcesBuildPhase section */

/* Begin PBXSourcesBuildPhase section */
		FDF0587521A1B1F40009C778 /* Sources */ = {
			isa = PBXSourcesBuildPhase;
			buildActionMask = 2147483647;
			files = (
				FD41598121A469E2009814D4 /* PhotoAlbumViewController.swift in Sources */,
				FDCF6F8721A83BFA0048B8BA /* Photo+Extensions.swift in Sources */,
				FDF0587F21A1B1F40009C778 /* TravelLocationsMapViewController.swift in Sources */,
				FDCF6F8321A8019C0048B8BA /* FlikerModel.swift in Sources */,
				FDCF6F8021A72EFE0048B8BA /* FlickrConstants.swift in Sources */,
				FDAE15ED21AC1DBD0014E63C /* DownloadImages.swift in Sources */,
				FDF0589521A1D18D0009C778 /* DataController.swift in Sources */,
				FDF0589321A1BB7A0009C778 /* LocarionData.xcdatamodeld in Sources */,
				FDCF6F7E21A72EFE0048B8BA /* FlickrConvenience.swift in Sources */,
				FDCF6F8821A83BFA0048B8BA /* Pin+Extensions.swift in Sources */,
				FDCF6F7F21A72EFE0048B8BA /* FlickrClient.swift in Sources */,
				FDCF6F8C21A893740048B8BA /* PhotoAlbumCollectionViewCell.swift in Sources */,
				FDF0587D21A1B1F40009C778 /* AppDelegate.swift in Sources */,
			);
			runOnlyForDeploymentPostprocessing = 0;
		};
/* End PBXSourcesBuildPhase section */

/* Begin PBXVariantGroup section */
		FDF0588021A1B1F40009C778 /* Main.storyboard */ = {
			isa = PBXVariantGroup;
			children = (
				FDF0588121A1B1F40009C778 /* Base */,
			);
			name = Main.storyboard;
			sourceTree = "<group>";
		};
		FDF0588521A1B1F60009C778 /* LaunchScreen.storyboard */ = {
			isa = PBXVariantGroup;
			children = (
				FDF0588621A1B1F60009C778 /* Base */,
			);
			name = LaunchScreen.storyboard;
			sourceTree = "<group>";
		};
/* End PBXVariantGroup section */

/* Begin XCBuildConfiguration section */
		FDF0588921A1B1F60009C778 /* Debug */ = {
			isa = XCBuildConfiguration;
			buildSettings = {
				ALWAYS_SEARCH_USER_PATHS = NO;
				CLANG_ANALYZER_NONNULL = YES;
				CLANG_ANALYZER_NUMBER_OBJECT_CONVERSION = YES_AGGRESSIVE;
				CLANG_CXX_LANGUAGE_STANDARD = "gnu++14";
				CLANG_CXX_LIBRARY = "libc++";
				CLANG_ENABLE_MODULES = YES;
				CLANG_ENABLE_OBJC_ARC = YES;
				CLANG_ENABLE_OBJC_WEAK = YES;
				CLANG_WARN_BLOCK_CAPTURE_AUTORELEASING = YES;
				CLANG_WARN_BOOL_CONVERSION = YES;
				CLANG_WARN_COMMA = YES;
				CLANG_WARN_CONSTANT_CONVERSION = YES;
				CLANG_WARN_DEPRECATED_OBJC_IMPLEMENTATIONS = YES;
				CLANG_WARN_DIRECT_OBJC_ISA_USAGE = YES_ERROR;
				CLANG_WARN_DOCUMENTATION_COMMENTS = YES;
				CLANG_WARN_EMPTY_BODY = YES;
				CLANG_WARN_ENUM_CONVERSION = YES;
				CLANG_WARN_INFINITE_RECURSION = YES;
				CLANG_WARN_INT_CONVERSION = YES;
				CLANG_WARN_NON_LITERAL_NULL_CONVERSION = YES;
				CLANG_WARN_OBJC_IMPLICIT_RETAIN_SELF = YES;
				CLANG_WARN_OBJC_LITERAL_CONVERSION = YES;
				CLANG_WARN_OBJC_ROOT_CLASS = YES_ERROR;
				CLANG_WARN_RANGE_LOOP_ANALYSIS = YES;
				CLANG_WARN_STRICT_PROTOTYPES = YES;
				CLANG_WARN_SUSPICIOUS_MOVE = YES;
				CLANG_WARN_UNGUARDED_AVAILABILITY = YES_AGGRESSIVE;
				CLANG_WARN_UNREACHABLE_CODE = YES;
				CLANG_WARN__DUPLICATE_METHOD_MATCH = YES;
				CODE_SIGN_IDENTITY = "iPhone Developer";
				COPY_PHASE_STRIP = NO;
				DEBUG_INFORMATION_FORMAT = dwarf;
				ENABLE_STRICT_OBJC_MSGSEND = YES;
				ENABLE_TESTABILITY = YES;
				GCC_C_LANGUAGE_STANDARD = gnu11;
				GCC_DYNAMIC_NO_PIC = NO;
				GCC_NO_COMMON_BLOCKS = YES;
				GCC_OPTIMIZATION_LEVEL = 0;
				GCC_PREPROCESSOR_DEFINITIONS = (
					"DEBUG=1",
					"$(inherited)",
				);
				GCC_WARN_64_TO_32_BIT_CONVERSION = YES;
				GCC_WARN_ABOUT_RETURN_TYPE = YES_ERROR;
				GCC_WARN_UNDECLARED_SELECTOR = YES;
				GCC_WARN_UNINITIALIZED_AUTOS = YES_AGGRESSIVE;
				GCC_WARN_UNUSED_FUNCTION = YES;
				GCC_WARN_UNUSED_VARIABLE = YES;
				IPHONEOS_DEPLOYMENT_TARGET = 12.1;
				MTL_ENABLE_DEBUG_INFO = INCLUDE_SOURCE;
				MTL_FAST_MATH = YES;
				ONLY_ACTIVE_ARCH = YES;
				SDKROOT = iphoneos;
				SWIFT_ACTIVE_COMPILATION_CONDITIONS = DEBUG;
				SWIFT_OPTIMIZATION_LEVEL = "-Onone";
			};
			name = Debug;
		};
		FDF0588A21A1B1F60009C778 /* Release */ = {
			isa = XCBuildConfiguration;
			buildSettings = {
				ALWAYS_SEARCH_USER_PATHS = NO;
				CLANG_ANALYZER_NONNULL = YES;
				CLANG_ANALYZER_NUMBER_OBJECT_CONVERSION = YES_AGGRESSIVE;
				CLANG_CXX_LANGUAGE_STANDARD = "gnu++14";
				CLANG_CXX_LIBRARY = "libc++";
				CLANG_ENABLE_MODULES = YES;
				CLANG_ENABLE_OBJC_ARC = YES;
				CLANG_ENABLE_OBJC_WEAK = YES;
				CLANG_WARN_BLOCK_CAPTURE_AUTORELEASING = YES;
				CLANG_WARN_BOOL_CONVERSION = YES;
				CLANG_WARN_COMMA = YES;
				CLANG_WARN_CONSTANT_CONVERSION = YES;
				CLANG_WARN_DEPRECATED_OBJC_IMPLEMENTATIONS = YES;
				CLANG_WARN_DIRECT_OBJC_ISA_USAGE = YES_ERROR;
				CLANG_WARN_DOCUMENTATION_COMMENTS = YES;
				CLANG_WARN_EMPTY_BODY = YES;
				CLANG_WARN_ENUM_CONVERSION = YES;
				CLANG_WARN_INFINITE_RECURSION = YES;
				CLANG_WARN_INT_CONVERSION = YES;
				CLANG_WARN_NON_LITERAL_NULL_CONVERSION = YES;
				CLANG_WARN_OBJC_IMPLICIT_RETAIN_SELF = YES;
				CLANG_WARN_OBJC_LITERAL_CONVERSION = YES;
				CLANG_WARN_OBJC_ROOT_CLASS = YES_ERROR;
				CLANG_WARN_RANGE_LOOP_ANALYSIS = YES;
				CLANG_WARN_STRICT_PROTOTYPES = YES;
				CLANG_WARN_SUSPICIOUS_MOVE = YES;
				CLANG_WARN_UNGUARDED_AVAILABILITY = YES_AGGRESSIVE;
				CLANG_WARN_UNREACHABLE_CODE = YES;
				CLANG_WARN__DUPLICATE_METHOD_MATCH = YES;
				CODE_SIGN_IDENTITY = "iPhone Developer";
				COPY_PHASE_STRIP = NO;
				DEBUG_INFORMATION_FORMAT = "dwarf-with-dsym";
				ENABLE_NS_ASSERTIONS = NO;
				ENABLE_STRICT_OBJC_MSGSEND = YES;
				GCC_C_LANGUAGE_STANDARD = gnu11;
				GCC_NO_COMMON_BLOCKS = YES;
				GCC_WARN_64_TO_32_BIT_CONVERSION = YES;
				GCC_WARN_ABOUT_RETURN_TYPE = YES_ERROR;
				GCC_WARN_UNDECLARED_SELECTOR = YES;
				GCC_WARN_UNINITIALIZED_AUTOS = YES_AGGRESSIVE;
				GCC_WARN_UNUSED_FUNCTION = YES;
				GCC_WARN_UNUSED_VARIABLE = YES;
				IPHONEOS_DEPLOYMENT_TARGET = 12.1;
				MTL_ENABLE_DEBUG_INFO = NO;
				MTL_FAST_MATH = YES;
				SDKROOT = iphoneos;
				SWIFT_COMPILATION_MODE = wholemodule;
				SWIFT_OPTIMIZATION_LEVEL = "-O";
				VALIDATE_PRODUCT = YES;
			};
			name = Release;
		};
		FDF0588C21A1B1F60009C778 /* Debug */ = {
			isa = XCBuildConfiguration;
			buildSettings = {
				ASSETCATALOG_COMPILER_APPICON_NAME = AppIcon;
				CODE_SIGN_STYLE = Automatic;
				DEVELOPMENT_TEAM = CP92CMD5E4;
				INFOPLIST_FILE = "Virtual Tourist/Info.plist";
				LD_RUNPATH_SEARCH_PATHS = (
					"$(inherited)",
					"@executable_path/Frameworks",
				);
				PRODUCT_BUNDLE_IDENTIFIER = "com.basil.Virtual-Tourist";
				PRODUCT_NAME = "$(TARGET_NAME)";
				SWIFT_VERSION = 4.2;
				TARGETED_DEVICE_FAMILY = "1,2";
			};
			name = Debug;
		};
		FDF0588D21A1B1F60009C778 /* Release */ = {
			isa = XCBuildConfiguration;
			buildSettings = {
				ASSETCATALOG_COMPILER_APPICON_NAME = AppIcon;
				CODE_SIGN_STYLE = Automatic;
				DEVELOPMENT_TEAM = CP92CMD5E4;
				INFOPLIST_FILE = "Virtual Tourist/Info.plist";
				LD_RUNPATH_SEARCH_PATHS = (
					"$(inherited)",
					"@executable_path/Frameworks",
				);
				PRODUCT_BUNDLE_IDENTIFIER = "com.basil.Virtual-Tourist";
				PRODUCT_NAME = "$(TARGET_NAME)";
				SWIFT_VERSION = 4.2;
				TARGETED_DEVICE_FAMILY = "1,2";
			};
			name = Release;
		};
/* End XCBuildConfiguration section */

/* Begin XCConfigurationList section */
		FDF0587421A1B1F40009C778 /* Build configuration list for PBXProject "Virtual Tourist" */ = {
			isa = XCConfigurationList;
			buildConfigurations = (
				FDF0588921A1B1F60009C778 /* Debug */,
				FDF0588A21A1B1F60009C778 /* Release */,
			);
			defaultConfigurationIsVisible = 0;
			defaultConfigurationName = Release;
		};
		FDF0588B21A1B1F60009C778 /* Build configuration list for PBXNativeTarget "Virtual Tourist" */ = {
			isa = XCConfigurationList;
			buildConfigurations = (
				FDF0588C21A1B1F60009C778 /* Debug */,
				FDF0588D21A1B1F60009C778 /* Release */,
			);
			defaultConfigurationIsVisible = 0;
			defaultConfigurationName = Release;
		};
/* End XCConfigurationList section */

/* Begin XCVersionGroup section */
		FDF0589121A1BB7A0009C778 /* LocarionData.xcdatamodeld */ = {
			isa = XCVersionGroup;
			children = (
				FDF0589221A1BB7A0009C778 /* LocationData.xcdatamodel */,
			);
			currentVersion = FDF0589221A1BB7A0009C778 /* LocationData.xcdatamodel */;
			path = LocarionData.xcdatamodeld;
			sourceTree = "<group>";
			versionGroupType = wrapper.xcdatamodel;
		};
/* End XCVersionGroup section */
	};
	rootObject = FDF0587121A1B1F40009C778 /* Project object */;
}
